
Microsoft Visual Studio Solution File, Format Version 12.00
# Visual Studio Version 17
VisualStudioVersion = 17.5.2.0
MinimumVisualStudioVersion = 10.0.40219.1
Project("{2150E333-8FDC-42A3-9474-1A3956D46DE8}") = "Launcher", "Launcher", "{740C5202-8AD2-6D86-0CA9-F95B1A2D697C}"
EndProject
Project("{FAE04EC0-301F-11D3-BF4B-00C04F79EFBC}") = "Server", "Server\Server.csproj", "{3461765F-60A1-21BC-764E-FC799869FE2F}"
EndProject
Project("{FAE04EC0-301F-11D3-BF4B-00C04F79EFBC}") = "RobigooLauncher", "Launcher\RobigooLauncher.csproj", "{E302152C-3839-55A0-8E57-CDECD4E7BD75}"
EndProject
Project("{FAE04EC0-301F-11D3-BF4B-00C04F79EFBC}") = "Server.Tests", "Server.Tests\Server.Tests.csproj", "{A4C01D90-AF5E-47CC-B334-92B93E7DB022}"
EndProject
Global
	GlobalSection(SolutionConfigurationPlatforms) = preSolution
		Debug|Any CPU = Debug|Any CPU
		Debug|x64 = Debug|x64
		Debug|x86 = Debug|x86
		Release|Any CPU = Release|Any CPU
		Release|x64 = Release|x64
		Release|x86 = Release|x86
	EndGlobalSection
	GlobalSection(ProjectConfigurationPlatforms) = postSolution
		{3461765F-60A1-21BC-764E-FC799869FE2F}.Debug|Any CPU.ActiveCfg = Debug|Any CPU
		{3461765F-60A1-21BC-764E-FC799869FE2F}.Debug|Any CPU.Build.0 = Debug|Any CPU
		{3461765F-60A1-21BC-764E-FC799869FE2F}.Debug|x64.ActiveCfg = Debug|Any CPU
		{3461765F-60A1-21BC-764E-FC799869FE2F}.Debug|x64.Build.0 = Debug|Any CPU
		{3461765F-60A1-21BC-764E-FC799869FE2F}.Debug|x86.ActiveCfg = Debug|Any CPU
		{3461765F-60A1-21BC-764E-FC799869FE2F}.Debug|x86.Build.0 = Debug|Any CPU
		{3461765F-60A1-21BC-764E-FC799869FE2F}.Release|Any CPU.ActiveCfg = Release|Any CPU
		{3461765F-60A1-21BC-764E-FC799869FE2F}.Release|Any CPU.Build.0 = Release|Any CPU
		{3461765F-60A1-21BC-764E-FC799869FE2F}.Release|x64.ActiveCfg = Release|Any CPU
		{3461765F-60A1-21BC-764E-FC799869FE2F}.Release|x64.Build.0 = Release|Any CPU
		{3461765F-60A1-21BC-764E-FC799869FE2F}.Release|x86.ActiveCfg = Release|Any CPU
		{3461765F-60A1-21BC-764E-FC799869FE2F}.Release|x86.Build.0 = Release|Any CPU
		{E302152C-3839-55A0-8E57-CDECD4E7BD75}.Debug|Any CPU.ActiveCfg = Debug|Any CPU
		{E302152C-3839-55A0-8E57-CDECD4E7BD75}.Debug|Any CPU.Build.0 = Debug|Any CPU
		{E302152C-3839-55A0-8E57-CDECD4E7BD75}.Debug|x64.ActiveCfg = Debug|Any CPU
		{E302152C-3839-55A0-8E57-CDECD4E7BD75}.Debug|x64.Build.0 = Debug|Any CPU
		{E302152C-3839-55A0-8E57-CDECD4E7BD75}.Debug|x86.ActiveCfg = Debug|Any CPU
		{E302152C-3839-55A0-8E57-CDECD4E7BD75}.Debug|x86.Build.0 = Debug|Any CPU
		{E302152C-3839-55A0-8E57-CDECD4E7BD75}.Release|Any CPU.ActiveCfg = Release|Any CPU
		{E302152C-3839-55A0-8E57-CDECD4E7BD75}.Release|Any CPU.Build.0 = Release|Any CPU
		{E302152C-3839-55A0-8E57-CDECD4E7BD75}.Release|x64.ActiveCfg = Release|Any CPU
		{E302152C-3839-55A0-8E57-CDECD4E7BD75}.Release|x64.Build.0 = Release|Any CPU
		{E302152C-3839-55A0-8E57-CDECD4E7BD75}.Release|x86.ActiveCfg = Release|Any CPU
		{E302152C-3839-55A0-8E57-CDECD4E7BD75}.Release|x86.Build.0 = Release|Any CPU
		{A4C01D90-AF5E-47CC-B334-92B93E7DB022}.Debug|Any CPU.ActiveCfg = Debug|Any CPU
		{A4C01D90-AF5E-47CC-B334-92B93E7DB022}.Debug|Any CPU.Build.0 = Debug|Any CPU
		{A4C01D90-AF5E-47CC-B334-92B93E7DB022}.Debug|x64.ActiveCfg = Debug|Any CPU
		{A4C01D90-AF5E-47CC-B334-92B93E7DB022}.Debug|x64.Build.0 = Debug|Any CPU
		{A4C01D90-AF5E-47CC-B334-92B93E7DB022}.Debug|x86.ActiveCfg = Debug|Any CPU
		{A4C01D90-AF5E-47CC-B334-92B93E7DB022}.Debug|x86.Build.0 = Debug|Any CPU
		{A4C01D90-AF5E-47CC-B334-92B93E7DB022}.Release|Any CPU.ActiveCfg = Release|Any CPU
		{A4C01D90-AF5E-47CC-B334-92B93E7DB022}.Release|Any CPU.Build.0 = Release|Any CPU
		{A4C01D90-AF5E-47CC-B334-92B93E7DB022}.Release|x64.ActiveCfg = Release|Any CPU
		{A4C01D90-AF5E-47CC-B334-92B93E7DB022}.Release|x64.Build.0 = Release|Any CPU
		{A4C01D90-AF5E-47CC-B334-92B93E7DB022}.Release|x86.ActiveCfg = Release|Any CPU
		{A4C01D90-AF5E-47CC-B334-92B93E7DB022}.Release|x86.Build.0 = Release|Any CPU
	EndGlobalSection
	GlobalSection(SolutionProperties) = preSolution
		HideSolutionNode = FALSE
	EndGlobalSection
	GlobalSection(NestedProjects) = preSolution
		{E302152C-3839-55A0-8E57-CDECD4E7BD75} = {740C5202-8AD2-6D86-0CA9-F95B1A2D697C}
	EndGlobalSection
	GlobalSection(ExtensibilityGlobals) = postSolution
		SolutionGuid = {3C57AD90-54FA-4603-ACD2-58593F71F0FA}
	EndGlobalSection
EndGlobal
